// !$*UTF8*$!
{
	archiveVersion = 1;
	classes = {
	};
	objectVersion = 50;
	objects = {

/* Begin PBXBuildFile section */
		9C4F25C12EFDC5EA4F1473C6 /* Pods_Todoey.framework in Frameworks */ = {isa = PBXBuildFile; fileRef = 254D84DDBD1DCA60A0D66DB2 /* Pods_Todoey.framework */; };
		DE645DBB20B2E09F00A91FEA /* AppDelegate.swift in Sources */ = {isa = PBXBuildFile; fileRef = DE645DBA20B2E09F00A91FEA /* AppDelegate.swift */; };
		DE645DBD20B2E09F00A91FEA /* ToDoListViewController.swift in Sources */ = {isa = PBXBuildFile; fileRef = DE645DBC20B2E09F00A91FEA /* ToDoListViewController.swift */; };
		DE645DC020B2E09F00A91FEA /* Main.storyboard in Resources */ = {isa = PBXBuildFile; fileRef = DE645DBE20B2E09F00A91FEA /* Main.storyboard */; };
		DE645DC220B2E0A100A91FEA /* Assets.xcassets in Resources */ = {isa = PBXBuildFile; fileRef = DE645DC120B2E0A100A91FEA /* Assets.xcassets */; };
		DE645DC520B2E0A100A91FEA /* LaunchScreen.storyboard in Resources */ = {isa = PBXBuildFile; fileRef = DE645DC320B2E0A100A91FEA /* LaunchScreen.storyboard */; };
		DE69B9DC20B6BD6300745320 /* Item.swift in Sources */ = {isa = PBXBuildFile; fileRef = DE69B9DB20B6BD6300745320 /* Item.swift */; };
		DE69B9DE20B6D6E600745320 /* Category.swift in Sources */ = {isa = PBXBuildFile; fileRef = DE69B9DD20B6D6E600745320 /* Category.swift */; };
		DECF6B9A20B5BF84002138E3 /* CategoryViewController.swift in Sources */ = {isa = PBXBuildFile; fileRef = DECF6B9920B5BF84002138E3 /* CategoryViewController.swift */; };
/* End PBXBuildFile section */

/* Begin PBXFileReference section */
		1FCA47679CA5C2BF9BCE5A80 /* Pods-Todoey.release.xcconfig */ = {isa = PBXFileReference; includeInIndex = 1; lastKnownFileType = text.xcconfig; name = "Pods-Todoey.release.xcconfig"; path = "Pods/Target Support Files/Pods-Todoey/Pods-Todoey.release.xcconfig"; sourceTree = "<group>"; };
		254D84DDBD1DCA60A0D66DB2 /* Pods_Todoey.framework */ = {isa = PBXFileReference; explicitFileType = wrapper.framework; includeInIndex = 0; path = Pods_Todoey.framework; sourceTree = BUILT_PRODUCTS_DIR; };
		D18564C6AA9ACE37DDAAFAFC /* Pods-Todoey.debug.xcconfig */ = {isa = PBXFileReference; includeInIndex = 1; lastKnownFileType = text.xcconfig; name = "Pods-Todoey.debug.xcconfig"; path = "Pods/Target Support Files/Pods-Todoey/Pods-Todoey.debug.xcconfig"; sourceTree = "<group>"; };
		DE645DB720B2E09F00A91FEA /* Todoey.app */ = {isa = PBXFileReference; explicitFileType = wrapper.application; includeInIndex = 0; path = Todoey.app; sourceTree = BUILT_PRODUCTS_DIR; };
		DE645DBA20B2E09F00A91FEA /* AppDelegate.swift */ = {isa = PBXFileReference; lastKnownFileType = sourcecode.swift; path = AppDelegate.swift; sourceTree = "<group>"; };
		DE645DBC20B2E09F00A91FEA /* ToDoListViewController.swift */ = {isa = PBXFileReference; lastKnownFileType = sourcecode.swift; path = ToDoListViewController.swift; sourceTree = "<group>"; };
		DE645DBF20B2E09F00A91FEA /* Base */ = {isa = PBXFileReference; lastKnownFileType = file.storyboard; name = Base; path = Base.lproj/Main.storyboard; sourceTree = "<group>"; };
		DE645DC120B2E0A100A91FEA /* Assets.xcassets */ = {isa = PBXFileReference; lastKnownFileType = folder.assetcatalog; path = Assets.xcassets; sourceTree = "<group>"; };
		DE645DC420B2E0A100A91FEA /* Base */ = {isa = PBXFileReference; lastKnownFileType = file.storyboard; name = Base; path = Base.lproj/LaunchScreen.storyboard; sourceTree = "<group>"; };
		DE645DC620B2E0A100A91FEA /* Info.plist */ = {isa = PBXFileReference; lastKnownFileType = text.plist.xml; path = Info.plist; sourceTree = "<group>"; };
		DE69B9DB20B6BD6300745320 /* Item.swift */ = {isa = PBXFileReference; lastKnownFileType = sourcecode.swift; path = Item.swift; sourceTree = "<group>"; };
		DE69B9DD20B6D6E600745320 /* Category.swift */ = {isa = PBXFileReference; lastKnownFileType = sourcecode.swift; path = Category.swift; sourceTree = "<group>"; };
		DECF6B9920B5BF84002138E3 /* CategoryViewController.swift */ = {isa = PBXFileReference; lastKnownFileType = sourcecode.swift; path = CategoryViewController.swift; sourceTree = "<group>"; };
/* End PBXFileReference section */

/* Begin PBXFrameworksBuildPhase section */
		DE645DB420B2E09F00A91FEA /* Frameworks */ = {
			isa = PBXFrameworksBuildPhase;
			buildActionMask = 2147483647;
			files = (
				9C4F25C12EFDC5EA4F1473C6 /* Pods_Todoey.framework in Frameworks */,
			);
			runOnlyForDeploymentPostprocessing = 0;
		};
/* End PBXFrameworksBuildPhase section */

/* Begin PBXGroup section */
		96FE357A07C3157B405AC564 /* Pods */ = {
			isa = PBXGroup;
			children = (
				D18564C6AA9ACE37DDAAFAFC /* Pods-Todoey.debug.xcconfig */,
				1FCA47679CA5C2BF9BCE5A80 /* Pods-Todoey.release.xcconfig */,
			);
			name = Pods;
			sourceTree = "<group>";
		};
		DE645DAE20B2E09F00A91FEA = {
			isa = PBXGroup;
			children = (
				DE645DB920B2E09F00A91FEA /* Todoey */,
				DE645DB820B2E09F00A91FEA /* Products */,
				96FE357A07C3157B405AC564 /* Pods */,
				F880C108DA14C5B2C2E916F9 /* Frameworks */,
			);
			sourceTree = "<group>";
		};
		DE645DB820B2E09F00A91FEA /* Products */ = {
			isa = PBXGroup;
			children = (
				DE645DB720B2E09F00A91FEA /* Todoey.app */,
			);
			name = Products;
			sourceTree = "<group>";
		};
		DE645DB920B2E09F00A91FEA /* Todoey */ = {
			isa = PBXGroup;
			children = (
				DE645DBA20B2E09F00A91FEA /* AppDelegate.swift */,
				DEF5E93B20B44AFE00DF21A0 /* Controllers */,
				DEF5E93C20B44B1F00DF21A0 /* Views */,
				DEF5E93D20B44B4100DF21A0 /* Supporting Files */,
				DE645DC620B2E0A100A91FEA /* Info.plist */,
				DEF5E93A20B44AE400DF21A0 /* Data Model */,
			);
			path = Todoey;
			sourceTree = "<group>";
		};
		DEF5E93A20B44AE400DF21A0 /* Data Model */ = {
			isa = PBXGroup;
			children = (
				DE69B9DB20B6BD6300745320 /* Item.swift */,
				DE69B9DD20B6D6E600745320 /* Category.swift */,
			);
			path = "Data Model";
			sourceTree = "<group>";
		};
		DEF5E93B20B44AFE00DF21A0 /* Controllers */ = {
			isa = PBXGroup;
			children = (
				DECF6B9920B5BF84002138E3 /* CategoryViewController.swift */,
				DE645DBC20B2E09F00A91FEA /* ToDoListViewController.swift */,
			);
			path = Controllers;
			sourceTree = "<group>";
		};
		DEF5E93C20B44B1F00DF21A0 /* Views */ = {
			isa = PBXGroup;
			children = (
				DE645DBE20B2E09F00A91FEA /* Main.storyboard */,
			);
			path = Views;
			sourceTree = "<group>";
		};
		DEF5E93D20B44B4100DF21A0 /* Supporting Files */ = {
			isa = PBXGroup;
			children = (
				DE645DC120B2E0A100A91FEA /* Assets.xcassets */,
				DE645DC320B2E0A100A91FEA /* LaunchScreen.storyboard */,
			);
			path = "Supporting Files";
			sourceTree = "<group>";
		};
		F880C108DA14C5B2C2E916F9 /* Frameworks */ = {
			isa = PBXGroup;
			children = (
				254D84DDBD1DCA60A0D66DB2 /* Pods_Todoey.framework */,
			);
			name = Frameworks;
			sourceTree = "<group>";
		};
/* End PBXGroup section */

/* Begin PBXNativeTarget section */
		DE645DB620B2E09F00A91FEA /* Todoey */ = {
			isa = PBXNativeTarget;
			buildConfigurationList = DE645DC920B2E0A100A91FEA /* Build configuration list for PBXNativeTarget "Todoey" */;
			buildPhases = (
				F750428C243D39644254B473 /* [CP] Check Pods Manifest.lock */,
				DE645DB320B2E09F00A91FEA /* Sources */,
				DE645DB420B2E09F00A91FEA /* Frameworks */,
				DE645DB520B2E09F00A91FEA /* Resources */,
				EC1B3E6D5B540F3C88378E5D /* [CP] Embed Pods Frameworks */,
			);
			buildRules = (
			);
			dependencies = (
			);
			name = Todoey;
			productName = Todoey;
			productReference = DE645DB720B2E09F00A91FEA /* Todoey.app */;
			productType = "com.apple.product-type.application";
		};
/* End PBXNativeTarget section */

/* Begin PBXProject section */
		DE645DAF20B2E09F00A91FEA /* Project object */ = {
			isa = PBXProject;
			attributes = {
				LastSwiftUpdateCheck = 0930;
				LastUpgradeCheck = 0930;
				ORGANIZATIONNAME = "Theo Carper";
				TargetAttributes = {
					DE645DB620B2E09F00A91FEA = {
						CreatedOnToolsVersion = 9.3.1;
					};
				};
			};
			buildConfigurationList = DE645DB220B2E09F00A91FEA /* Build configuration list for PBXProject "Todoey" */;
			compatibilityVersion = "Xcode 9.3";
			developmentRegion = en;
			hasScannedForEncodings = 0;
			knownRegions = (
				en,
				Base,
			);
			mainGroup = DE645DAE20B2E09F00A91FEA;
			productRefGroup = DE645DB820B2E09F00A91FEA /* Products */;
			projectDirPath = "";
			projectRoot = "";
			targets = (
				DE645DB620B2E09F00A91FEA /* Todoey */,
			);
		};
/* End PBXProject section */

/* Begin PBXResourcesBuildPhase section */
		DE645DB520B2E09F00A91FEA /* Resources */ = {
			isa = PBXResourcesBuildPhase;
			buildActionMask = 2147483647;
			files = (
				DE645DC520B2E0A100A91FEA /* LaunchScreen.storyboard in Resources */,
				DE645DC220B2E0A100A91FEA /* Assets.xcassets in Resources */,
				DE645DC020B2E09F00A91FEA /* Main.storyboard in Resources */,
			);
			runOnlyForDeploymentPostprocessing = 0;
		};
/* End PBXResourcesBuildPhase section */

/* Begin PBXShellScriptBuildPhase section */
		EC1B3E6D5B540F3C88378E5D /* [CP] Embed Pods Frameworks */ = {
			isa = PBXShellScriptBuildPhase;
			buildActionMask = 2147483647;
			files = (
			);
			inputPaths = (
				"${SRCROOT}/Pods/Target Support Files/Pods-Todoey/Pods-Todoey-frameworks.sh",
				"${BUILT_PRODUCTS_DIR}/Realm/Realm.framework",
				"${BUILT_PRODUCTS_DIR}/RealmSwift/RealmSwift.framework",
			);
			name = "[CP] Embed Pods Frameworks";
			outputPaths = (
				"${TARGET_BUILD_DIR}/${FRAMEWORKS_FOLDER_PATH}/Realm.framework",
				"${TARGET_BUILD_DIR}/${FRAMEWORKS_FOLDER_PATH}/RealmSwift.framework",
			);
			runOnlyForDeploymentPostprocessing = 0;
			shellPath = /bin/sh;
			shellScript = "\"${SRCROOT}/Pods/Target Support Files/Pods-Todoey/Pods-Todoey-frameworks.sh\"\n";
			showEnvVarsInLog = 0;
		};
		F750428C243D39644254B473 /* [CP] Check Pods Manifest.lock */ = {
			isa = PBXShellScriptBuildPhase;
			buildActionMask = 2147483647;
			files = (
			);
			inputPaths = (
				"${PODS_PODFILE_DIR_PATH}/Podfile.lock",
				"${PODS_ROOT}/Manifest.lock",
			);
			name = "[CP] Check Pods Manifest.lock";
			outputPaths = (
				"$(DERIVED_FILE_DIR)/Pods-Todoey-checkManifestLockResult.txt",
			);
			runOnlyForDeploymentPostprocessing = 0;
			shellPath = /bin/sh;
			shellScript = "diff \"${PODS_PODFILE_DIR_PATH}/Podfile.lock\" \"${PODS_ROOT}/Manifest.lock\" > /dev/null\nif [ $? != 0 ] ; then\n    # print error to STDERR\n    echo \"error: The sandbox is not in sync with the Podfile.lock. Run 'pod install' or update your CocoaPods installation.\" >&2\n    exit 1\nfi\n# This output is used by Xcode 'outputs' to avoid re-running this script phase.\necho \"SUCCESS\" > \"${SCRIPT_OUTPUT_FILE_0}\"\n";
			showEnvVarsInLog = 0;
		};
/* End PBXShellScriptBuildPhase section */

/* Begin PBXSourcesBuildPhase section */
		DE645DB320B2E09F00A91FEA /* Sources */ = {
			isa = PBXSourcesBuildPhase;
			buildActionMask = 2147483647;
			files = (
				DECF6B9A20B5BF84002138E3 /* CategoryViewController.swift in Sources */,
				DE69B9DC20B6BD6300745320 /* Item.swift in Sources */,
				DE645DBD20B2E09F00A91FEA /* ToDoListViewController.swift in Sources */,
				DE645DBB20B2E09F00A91FEA /* AppDelegate.swift in Sources */,
				DE69B9DE20B6D6E600745320 /* Category.swift in Sources */,
			);
			runOnlyForDeploymentPostprocessing = 0;
		};
/* End PBXSourcesBuildPhase section */

/* Begin PBXVariantGroup section */
		DE645DBE20B2E09F00A91FEA /* Main.storyboard */ = {
			isa = PBXVariantGroup;
			children = (
				DE645DBF20B2E09F00A91FEA /* Base */,
			);
			name = Main.storyboard;
			sourceTree = "<group>";
		};
		DE645DC320B2E0A100A91FEA /* LaunchScreen.storyboard */ = {
			isa = PBXVariantGroup;
			children = (
				DE645DC420B2E0A100A91FEA /* Base */,
			);
			name = LaunchScreen.storyboard;
			sourceTree = "<group>";
		};
/* End PBXVariantGroup section */

/* Begin XCBuildConfiguration section */
		DE645DC720B2E0A100A91FEA /* Debug */ = {
			isa = XCBuildConfiguration;
			buildSettings = {
				ALWAYS_SEARCH_USER_PATHS = NO;
				CLANG_ANALYZER_NONNULL = YES;
				CLANG_ANALYZER_NUMBER_OBJECT_CONVERSION = YES_AGGRESSIVE;
				CLANG_CXX_LANGUAGE_STANDARD = "gnu++14";
				CLANG_CXX_LIBRARY = "libc++";
				CLANG_ENABLE_MODULES = YES;
				CLANG_ENABLE_OBJC_ARC = YES;
				CLANG_ENABLE_OBJC_WEAK = YES;
				CLANG_WARN_BLOCK_CAPTURE_AUTORELEASING = YES;
				CLANG_WARN_BOOL_CONVERSION = YES;
				CLANG_WARN_COMMA = YES;
				CLANG_WARN_CONSTANT_CONVERSION = YES;
				CLANG_WARN_DEPRECATED_OBJC_IMPLEMENTATIONS = YES;
				CLANG_WARN_DIRECT_OBJC_ISA_USAGE = YES_ERROR;
				CLANG_WARN_DOCUMENTATION_COMMENTS = YES;
				CLANG_WARN_EMPTY_BODY = YES;
				CLANG_WARN_ENUM_CONVERSION = YES;
				CLANG_WARN_INFINITE_RECURSION = YES;
				CLANG_WARN_INT_CONVERSION = YES;
				CLANG_WARN_NON_LITERAL_NULL_CONVERSION = YES;
				CLANG_WARN_OBJC_IMPLICIT_RETAIN_SELF = YES;
				CLANG_WARN_OBJC_LITERAL_CONVERSION = YES;
				CLANG_WARN_OBJC_ROOT_CLASS = YES_ERROR;
				CLANG_WARN_RANGE_LOOP_ANALYSIS = YES;
				CLANG_WARN_STRICT_PROTOTYPES = YES;
				CLANG_WARN_SUSPICIOUS_MOVE = YES;
				CLANG_WARN_UNGUARDED_AVAILABILITY = YES_AGGRESSIVE;
				CLANG_WARN_UNREACHABLE_CODE = YES;
				CLANG_WARN__DUPLICATE_METHOD_MATCH = YES;
				CODE_SIGN_IDENTITY = "iPhone Developer";
				COPY_PHASE_STRIP = NO;
				DEBUG_INFORMATION_FORMAT = dwarf;
				ENABLE_STRICT_OBJC_MSGSEND = YES;
				ENABLE_TESTABILITY = YES;
				GCC_C_LANGUAGE_STANDARD = gnu11;
				GCC_DYNAMIC_NO_PIC = NO;
				GCC_NO_COMMON_BLOCKS = YES;
				GCC_OPTIMIZATION_LEVEL = 0;
				GCC_PREPROCESSOR_DEFINITIONS = (
					"DEBUG=1",
					"$(inherited)",
				);
				GCC_WARN_64_TO_32_BIT_CONVERSION = YES;
				GCC_WARN_ABOUT_RETURN_TYPE = YES_ERROR;
				GCC_WARN_UNDECLARED_SELECTOR = YES;
				GCC_WARN_UNINITIALIZED_AUTOS = YES_AGGRESSIVE;
				GCC_WARN_UNUSED_FUNCTION = YES;
				GCC_WARN_UNUSED_VARIABLE = YES;
				IPHONEOS_DEPLOYMENT_TARGET = 11.3;
				MTL_ENABLE_DEBUG_INFO = YES;
				ONLY_ACTIVE_ARCH = YES;
				SDKROOT = iphoneos;
				SWIFT_ACTIVE_COMPILATION_CONDITIONS = DEBUG;
				SWIFT_OPTIMIZATION_LEVEL = "-Onone";
			};
			name = Debug;
		};
		DE645DC820B2E0A100A91FEA /* Release */ = {
			isa = XCBuildConfiguration;
			buildSettings = {
				ALWAYS_SEARCH_USER_PATHS = NO;
				CLANG_ANALYZER_NONNULL = YES;
				CLANG_ANALYZER_NUMBER_OBJECT_CONVERSION = YES_AGGRESSIVE;
				CLANG_CXX_LANGUAGE_STANDARD = "gnu++14";
				CLANG_CXX_LIBRARY = "libc++";
				CLANG_ENABLE_MODULES = YES;
				CLANG_ENABLE_OBJC_ARC = YES;
				CLANG_ENABLE_OBJC_WEAK = YES;
				CLANG_WARN_BLOCK_CAPTURE_AUTORELEASING = YES;
				CLANG_WARN_BOOL_CONVERSION = YES;
				CLANG_WARN_COMMA = YES;
				CLANG_WARN_CONSTANT_CONVERSION = YES;
				CLANG_WARN_DEPRECATED_OBJC_IMPLEMENTATIONS = YES;
				CLANG_WARN_DIRECT_OBJC_ISA_USAGE = YES_ERROR;
				CLANG_WARN_DOCUMENTATION_COMMENTS = YES;
				CLANG_WARN_EMPTY_BODY = YES;
				CLANG_WARN_ENUM_CONVERSION = YES;
				CLANG_WARN_INFINITE_RECURSION = YES;
				CLANG_WARN_INT_CONVERSION = YES;
				CLANG_WARN_NON_LITERAL_NULL_CONVERSION = YES;
				CLANG_WARN_OBJC_IMPLICIT_RETAIN_SELF = YES;
				CLANG_WARN_OBJC_LITERAL_CONVERSION = YES;
				CLANG_WARN_OBJC_ROOT_CLASS = YES_ERROR;
				CLANG_WARN_RANGE_LOOP_ANALYSIS = YES;
				CLANG_WARN_STRICT_PROTOTYPES = YES;
				CLANG_WARN_SUSPICIOUS_MOVE = YES;
				CLANG_WARN_UNGUARDED_AVAILABILITY = YES_AGGRESSIVE;
				CLANG_WARN_UNREACHABLE_CODE = YES;
				CLANG_WARN__DUPLICATE_METHOD_MATCH = YES;
				CODE_SIGN_IDENTITY = "iPhone Developer";
				COPY_PHASE_STRIP = NO;
				DEBUG_INFORMATION_FORMAT = "dwarf-with-dsym";
				ENABLE_NS_ASSERTIONS = NO;
				ENABLE_STRICT_OBJC_MSGSEND = YES;
				GCC_C_LANGUAGE_STANDARD = gnu11;
				GCC_NO_COMMON_BLOCKS = YES;
				GCC_WARN_64_TO_32_BIT_CONVERSION = YES;
				GCC_WARN_ABOUT_RETURN_TYPE = YES_ERROR;
				GCC_WARN_UNDECLARED_SELECTOR = YES;
				GCC_WARN_UNINITIALIZED_AUTOS = YES_AGGRESSIVE;
				GCC_WARN_UNUSED_FUNCTION = YES;
				GCC_WARN_UNUSED_VARIABLE = YES;
				IPHONEOS_DEPLOYMENT_TARGET = 11.3;
				MTL_ENABLE_DEBUG_INFO = NO;
				SDKROOT = iphoneos;
				SWIFT_COMPILATION_MODE = wholemodule;
				SWIFT_OPTIMIZATION_LEVEL = "-O";
				VALIDATE_PRODUCT = YES;
			};
			name = Release;
		};
		DE645DCA20B2E0A100A91FEA /* Debug */ = {
			isa = XCBuildConfiguration;
			baseConfigurationReference = D18564C6AA9ACE37DDAAFAFC /* Pods-Todoey.debug.xcconfig */;
			buildSettings = {
				ASSETCATALOG_COMPILER_APPICON_NAME = AppIcon;
				CODE_SIGN_STYLE = Automatic;
				DEVELOPMENT_TEAM = 77DC4B8XN2;
				INFOPLIST_FILE = Todoey/Info.plist;
				LD_RUNPATH_SEARCH_PATHS = (
					"$(inherited)",
					"@executable_path/Frameworks",
				);
				PRODUCT_BUNDLE_IDENTIFIER = com.msn.theocarper.Todoey;
				PRODUCT_NAME = "$(TARGET_NAME)";
				SWIFT_VERSION = 4.0;
				TARGETED_DEVICE_FAMILY = "1,2";
			};
			name = Debug;
		};
		DE645DCB20B2E0A100A91FEA /* Release */ = {
			isa = XCBuildConfiguration;
			baseConfigurationReference = 1FCA47679CA5C2BF9BCE5A80 /* Pods-Todoey.release.xcconfig */;
			buildSettings = {
				ASSETCATALOG_COMPILER_APPICON_NAME = AppIcon;
				CODE_SIGN_STYLE = Automatic;
				DEVELOPMENT_TEAM = 77DC4B8XN2;
				INFOPLIST_FILE = Todoey/Info.plist;
				LD_RUNPATH_SEARCH_PATHS = (
					"$(inherited)",
					"@executable_path/Frameworks",
				);
				PRODUCT_BUNDLE_IDENTIFIER = com.msn.theocarper.Todoey;
				PRODUCT_NAME = "$(TARGET_NAME)";
				SWIFT_VERSION = 4.0;
				TARGETED_DEVICE_FAMILY = "1,2";
			};
			name = Release;
		};
/* End XCBuildConfiguration section */

/* Begin XCConfigurationList section */
		DE645DB220B2E09F00A91FEA /* Build configuration list for PBXProject "Todoey" */ = {
			isa = XCConfigurationList;
			buildConfigurations = (
				DE645DC720B2E0A100A91FEA /* Debug */,
				DE645DC820B2E0A100A91FEA /* Release */,
			);
			defaultConfigurationIsVisible = 0;
			defaultConfigurationName = Release;
		};
		DE645DC920B2E0A100A91FEA /* Build configuration list for PBXNativeTarget "Todoey" */ = {
			isa = XCConfigurationList;
			buildConfigurations = (
				DE645DCA20B2E0A100A91FEA /* Debug */,
				DE645DCB20B2E0A100A91FEA /* Release */,
			);
			defaultConfigurationIsVisible = 0;
			defaultConfigurationName = Release;
		};
/* End XCConfigurationList section */
	};
	rootObject = DE645DAF20B2E09F00A91FEA /* Project object */;
}
